
Microsoft Visual Studio Solution File, Format Version 11.00
# Visual Studio 2010
Project("{FAE04EC0-301F-11D3-BF4B-00C04F79EFBC}") = "Zombie AR", "Assembly-CSharp.csproj", "{9FBEF35E-0DD5-18EE-F76C-1A84B9F18562}"
EndProject
Project("{FAE04EC0-301F-11D3-BF4B-00C04F79EFBC}") = "Zombie AR", "Assembly-CSharp-Editor.csproj", "{2E22EAAB-ECFE-1400-0DEB-42DE0729A2A1}"
EndProject
Global
	GlobalSection(SolutionConfigurationPlatforms) = preSolution
		Debug|Any CPU = Debug|Any CPU
		Release|Any CPU = Release|Any CPU
	EndGlobalSection
	GlobalSection(ProjectConfigurationPlatforms) = postSolution
		{9FBEF35E-0DD5-18EE-F76C-1A84B9F18562}.Debug|Any CPU.ActiveCfg = Debug|Any CPU
		{9FBEF35E-0DD5-18EE-F76C-1A84B9F18562}.Debug|Any CPU.Build.0 = Debug|Any CPU
		{9FBEF35E-0DD5-18EE-F76C-1A84B9F18562}.Release|Any CPU.ActiveCfg = Release|Any CPU
		{9FBEF35E-0DD5-18EE-F76C-1A84B9F18562}.Release|Any CPU.Build.0 = Release|Any CPU
		{2E22EAAB-ECFE-1400-0DEB-42DE0729A2A1}.Debug|Any CPU.ActiveCfg = Debug|Any CPU
		{2E22EAAB-ECFE-1400-0DEB-42DE0729A2A1}.Debug|Any CPU.Build.0 = Debug|Any CPU
		{2E22EAAB-ECFE-1400-0DEB-42DE0729A2A1}.Release|Any CPU.ActiveCfg = Release|Any CPU
		{2E22EAAB-ECFE-1400-0DEB-42DE0729A2A1}.Release|Any CPU.Build.0 = Release|Any CPU
	EndGlobalSection
	GlobalSection(SolutionProperties) = preSolution
		HideSolutionNode = FALSE
	EndGlobalSection
	GlobalSection(MonoDevelopProperties) = preSolution
		StartupItem = Assembly-CSharp.csproj
	EndGlobalSection
EndGlobal
